
Microsoft Visual Studio Solution File, Format Version 12.00
# Visual Studio Version 16
VisualStudioVersion = 25.0.1706.14
MinimumVisualStudioVersion = 10.0.40219.1
Project("{FAE04EC0-301F-11D3-BF4B-00C04F79EFBC}") = "Inheritance-DateTime-TimeSpan", "Inheritance-DateTime-TimeSpan\Inheritance-DateTime-TimeSpan.csproj", "{B46529E8-1AB3-48F0-86BF-F92425B5F720}"
EndProject
Global
	GlobalSection(SolutionConfigurationPlatforms) = preSolution
		Debug|Any CPU = Debug|Any CPU
		Release|Any CPU = Release|Any CPU
	EndGlobalSection
	GlobalSection(ProjectConfigurationPlatforms) = postSolution
		{B46529E8-1AB3-48F0-86BF-F92425B5F720}.Debug|Any CPU.ActiveCfg = Debug|Any CPU
		{B46529E8-1AB3-48F0-86BF-F92425B5F720}.Debug|Any CPU.Build.0 = Debug|Any CPU
		{B46529E8-1AB3-48F0-86BF-F92425B5F720}.Release|Any CPU.ActiveCfg = Release|Any CPU
		{B46529E8-1AB3-48F0-86BF-F92425B5F720}.Release|Any CPU.Build.0 = Release|Any CPU
	EndGlobalSection
	GlobalSection(SolutionProperties) = preSolution
		HideSolutionNode = FALSE
	EndGlobalSection
	GlobalSection(ExtensibilityGlobals) = postSolution
		SolutionGuid = {F618EDAA-A434-4DEC-8CA5-4D9443AC7103}
	EndGlobalSection
EndGlobal
